
Microsoft Visual Studio Solution File, Format Version 12.00
# Visual Studio 15
VisualStudioVersion = 15.0.27130.2027
MinimumVisualStudioVersion = 10.0.40219.1
Project("{9A19103F-16F7-4668-BE54-9A1E7A4F7556}") = "GitHubApi", "GitHubApi\GitHubApi.csproj", "{ACFEF7AF-25D5-4CD8-B8F5-4C42BB00B4C0}"
EndProject
Global
	GlobalSection(SolutionConfigurationPlatforms) = preSolution
		Debug|Any CPU = Debug|Any CPU
		Release|Any CPU = Release|Any CPU
	EndGlobalSection
	GlobalSection(ProjectConfigurationPlatforms) = postSolution
		{ACFEF7AF-25D5-4CD8-B8F5-4C42BB00B4C0}.Debug|Any CPU.ActiveCfg = Debug|Any CPU
		{ACFEF7AF-25D5-4CD8-B8F5-4C42BB00B4C0}.Debug|Any CPU.Build.0 = Debug|Any CPU
		{ACFEF7AF-25D5-4CD8-B8F5-4C42BB00B4C0}.Release|Any CPU.ActiveCfg = Release|Any CPU
		{ACFEF7AF-25D5-4CD8-B8F5-4C42BB00B4C0}.Release|Any CPU.Build.0 = Release|Any CPU
	EndGlobalSection
	GlobalSection(SolutionProperties) = preSolution
		HideSolutionNode = FALSE
	EndGlobalSection
	GlobalSection(ExtensibilityGlobals) = postSolution
		SolutionGuid = {B2FAC292-F250-4BEE-B42B-69BECD89E95C}
	EndGlobalSection
EndGlobal
